{
    "_meta": {
        "hash": {
            "sha256": "e71cadef56213fb2d25991d7cd69f7558484e48bf56a1766be0b6f8eca1f27bb"
        },
        "pipfile-spec": 6,
        "requires": {
            "python_full_version": "3.8.13"
        },
        "sources": [
            {
                "name": "pypi",
                "url": "https://pypi.org/simple",
                "verify_ssl": true
            }
        ]
    },
    "default": {},
    "develop": {}
}
